
Microsoft Visual Studio Solution File, Format Version 12.00
# Visual Studio Version 17
VisualStudioVersion = 17.0.31903.59
MinimumVisualStudioVersion = 10.0.40219.1
Project("{2150E333-8FDC-42A3-9474-1A3956D46DE8}") = "Solution Items", "Solution Items", "{A35E3B56-A1CD-466A-9274-36901C003B96}"
	ProjectSection(SolutionItems) = preProject
		Directory.Build.props = Directory.Build.props
	EndProjectSection
EndProject
Project("{9A19103F-16F7-4668-BE54-9A1E7A4F7556}") = "Flyingdarts.Shared", "Flyingdarts.Shared\Flyingdarts.Shared.csproj", "{3875DCD0-29B6-470B-9710-171B956942AB}"
EndProject
Project("{9A19103F-16F7-4668-BE54-9A1E7A4F7556}") = "Flyingdarts-Signalling-OnDefault", "Flyingdarts-Signalling-OnDefault\Flyingdarts-Signalling-OnDefault.csproj", "{95B1ED91-1C19-470E-8984-AA713255CEB4}"
EndProject
Project("{9A19103F-16F7-4668-BE54-9A1E7A4F7556}") = "Flyingdarts-Signalling-OnDisconnect", "Flyingdarts-Signalling-OnDisconnect\Flyingdarts-Signalling-OnDisconnect.csproj", "{D117AFDE-E968-4AA3-9D2B-5B88D9C1B915}"
EndProject
Project("{9A19103F-16F7-4668-BE54-9A1E7A4F7556}") = "Flyingdarts-Signalling-OnConnect", "Flyingdarts-Signalling-OnConnect\Flyingdarts-Signalling-OnConnect.csproj", "{87CC2C5E-E1B0-4885-8F6A-7304943778BC}"
EndProject
Project("{9A19103F-16F7-4668-BE54-9A1E7A4F7556}") = "Flyingdarts-Games-X01-OnScore", "Flyingdarts-Games-X01-OnScore\Flyingdarts-Games-X01-OnScore.csproj", "{774D990F-F8F3-46C2-8AF1-B6165E1D0AE8}"
EndProject
Project("{9A19103F-16F7-4668-BE54-9A1E7A4F7556}") = "Flyingdarts-Rooms-OnJoin", "Flyingdarts-Rooms-OnJoin\Flyingdarts-Rooms-OnJoin.csproj", "{D5C9DE2A-04F0-427A-8B4F-286F2A6801B1}"
EndProject
Project("{9A19103F-16F7-4668-BE54-9A1E7A4F7556}") = "Flyingdarts-Rooms-OnCreate", "Flyingdarts-Rooms-OnCreate\Flyingdarts-Rooms-OnCreate.csproj", "{996DA260-A495-4378-A8F4-2D41FB6F7E38}"
EndProject
Project("{9A19103F-16F7-4668-BE54-9A1E7A4F7556}") = "Flyingdarts-Games-X01-OnQueue", "Flyingdarts-Games-X01-OnQueue\Flyingdarts-Games-X01-OnQueue.csproj", "{8E2E056C-8BF0-43B2-AF40-F82661E9BF54}"
EndProject
Project("{FAE04EC0-301F-11D3-BF4B-00C04F79EFBC}") = "Flyingdarts.Requests", "Flyingdarts.Requests\Flyingdarts.Requests.csproj", "{9356FFB9-CA89-4423-9125-0F96EB2770ED}"
EndProject
Project("{2150E333-8FDC-42A3-9474-1A3956D46DE8}") = ".github", ".github", "{26A88FF1-E814-4AEB-A21B-DBBC6AA83952}"
EndProject
Project("{2150E333-8FDC-42A3-9474-1A3956D46DE8}") = ".workflows", ".workflows", "{8E0828DE-E05E-48C1-B85A-DECA59219304}"
	ProjectSection(SolutionItems) = preProject
		.github\workflows\codeql.yml = .github\workflows\codeql.yml
		.github\workflows\games-x01-onQueue.yml = .github\workflows\games-x01-onQueue.yml
		.github\workflows\games-x01-onScore.yml = .github\workflows\games-x01-onScore.yml
		.github\workflows\on-connect.yml = .github\workflows\on-connect.yml
		.github\workflows\on-default.yml = .github\workflows\on-default.yml
		.github\workflows\on-disconnect.yml = .github\workflows\on-disconnect.yml
		.github\workflows\rooms-on-create.yml = .github\workflows\rooms-on-create.yml
		.github\workflows\rooms-on-join.yml = .github\workflows\rooms-on-join.yml
		.github\workflows\rooms-on-leave.yml = .github\workflows\rooms-on-leave.yml
	EndProjectSection
EndProject
Project("{9A19103F-16F7-4668-BE54-9A1E7A4F7556}") = "Flyingdarts-Rooms-OnLeave", "Flyingdarts-Rooms-OnLeave\Flyingdarts-Rooms-OnLeave.csproj", "{107CDCF3-5609-45D8-9C87-3E0FF1381137}"
EndProject
Project("{FAE04EC0-301F-11D3-BF4B-00C04F79EFBC}") = "Flyingdarts.Persistance", "Flyingdarts.Persistance\Flyingdarts.Persistance.csproj", "{B2D7C29C-DAD1-487D-BEE2-6890F235D584}"
EndProject
Project("{FAE04EC0-301F-11D3-BF4B-00C04F79EFBC}") = "Flyingdarts.Business", "Flyingdarts.Business\Flyingdarts.Business.csproj", "{A3200A9D-358C-4B7B-AA48-FFE8B982B6CD}"
EndProject
Project("{FAE04EC0-301F-11D3-BF4B-00C04F79EFBC}") = "Flyingdarts.Services", "Flyingdarts.Services\Flyingdarts.Services.csproj", "{C79E271B-2327-4639-8063-E1706265197B}"
EndProject
Global
	GlobalSection(SolutionConfigurationPlatforms) = preSolution
		Debug|Any CPU = Debug|Any CPU
		Debug|x64 = Debug|x64
		Debug|x86 = Debug|x86
		Release|Any CPU = Release|Any CPU
		Release|x64 = Release|x64
		Release|x86 = Release|x86
	EndGlobalSection
	GlobalSection(ProjectConfigurationPlatforms) = postSolution
		{3875DCD0-29B6-470B-9710-171B956942AB}.Debug|Any CPU.ActiveCfg = Debug|Any CPU
		{3875DCD0-29B6-470B-9710-171B956942AB}.Debug|Any CPU.Build.0 = Debug|Any CPU
		{3875DCD0-29B6-470B-9710-171B956942AB}.Debug|x64.ActiveCfg = Debug|Any CPU
		{3875DCD0-29B6-470B-9710-171B956942AB}.Debug|x64.Build.0 = Debug|Any CPU
		{3875DCD0-29B6-470B-9710-171B956942AB}.Debug|x86.ActiveCfg = Debug|Any CPU
		{3875DCD0-29B6-470B-9710-171B956942AB}.Debug|x86.Build.0 = Debug|Any CPU
		{3875DCD0-29B6-470B-9710-171B956942AB}.Release|Any CPU.ActiveCfg = Release|Any CPU
		{3875DCD0-29B6-470B-9710-171B956942AB}.Release|Any CPU.Build.0 = Release|Any CPU
		{3875DCD0-29B6-470B-9710-171B956942AB}.Release|x64.ActiveCfg = Release|Any CPU
		{3875DCD0-29B6-470B-9710-171B956942AB}.Release|x64.Build.0 = Release|Any CPU
		{3875DCD0-29B6-470B-9710-171B956942AB}.Release|x86.ActiveCfg = Release|Any CPU
		{3875DCD0-29B6-470B-9710-171B956942AB}.Release|x86.Build.0 = Release|Any CPU
		{95B1ED91-1C19-470E-8984-AA713255CEB4}.Debug|Any CPU.ActiveCfg = Debug|Any CPU
		{95B1ED91-1C19-470E-8984-AA713255CEB4}.Debug|Any CPU.Build.0 = Debug|Any CPU
		{95B1ED91-1C19-470E-8984-AA713255CEB4}.Debug|x64.ActiveCfg = Debug|Any CPU
		{95B1ED91-1C19-470E-8984-AA713255CEB4}.Debug|x64.Build.0 = Debug|Any CPU
		{95B1ED91-1C19-470E-8984-AA713255CEB4}.Debug|x86.ActiveCfg = Debug|Any CPU
		{95B1ED91-1C19-470E-8984-AA713255CEB4}.Debug|x86.Build.0 = Debug|Any CPU
		{95B1ED91-1C19-470E-8984-AA713255CEB4}.Release|Any CPU.ActiveCfg = Release|Any CPU
		{95B1ED91-1C19-470E-8984-AA713255CEB4}.Release|Any CPU.Build.0 = Release|Any CPU
		{95B1ED91-1C19-470E-8984-AA713255CEB4}.Release|x64.ActiveCfg = Release|Any CPU
		{95B1ED91-1C19-470E-8984-AA713255CEB4}.Release|x64.Build.0 = Release|Any CPU
		{95B1ED91-1C19-470E-8984-AA713255CEB4}.Release|x86.ActiveCfg = Release|Any CPU
		{95B1ED91-1C19-470E-8984-AA713255CEB4}.Release|x86.Build.0 = Release|Any CPU
		{D117AFDE-E968-4AA3-9D2B-5B88D9C1B915}.Debug|Any CPU.ActiveCfg = Debug|Any CPU
		{D117AFDE-E968-4AA3-9D2B-5B88D9C1B915}.Debug|Any CPU.Build.0 = Debug|Any CPU
		{D117AFDE-E968-4AA3-9D2B-5B88D9C1B915}.Debug|x64.ActiveCfg = Debug|Any CPU
		{D117AFDE-E968-4AA3-9D2B-5B88D9C1B915}.Debug|x64.Build.0 = Debug|Any CPU
		{D117AFDE-E968-4AA3-9D2B-5B88D9C1B915}.Debug|x86.ActiveCfg = Debug|Any CPU
		{D117AFDE-E968-4AA3-9D2B-5B88D9C1B915}.Debug|x86.Build.0 = Debug|Any CPU
		{D117AFDE-E968-4AA3-9D2B-5B88D9C1B915}.Release|Any CPU.ActiveCfg = Release|Any CPU
		{D117AFDE-E968-4AA3-9D2B-5B88D9C1B915}.Release|Any CPU.Build.0 = Release|Any CPU
		{D117AFDE-E968-4AA3-9D2B-5B88D9C1B915}.Release|x64.ActiveCfg = Release|Any CPU
		{D117AFDE-E968-4AA3-9D2B-5B88D9C1B915}.Release|x64.Build.0 = Release|Any CPU
		{D117AFDE-E968-4AA3-9D2B-5B88D9C1B915}.Release|x86.ActiveCfg = Release|Any CPU
		{D117AFDE-E968-4AA3-9D2B-5B88D9C1B915}.Release|x86.Build.0 = Release|Any CPU
		{87CC2C5E-E1B0-4885-8F6A-7304943778BC}.Debug|Any CPU.ActiveCfg = Debug|Any CPU
		{87CC2C5E-E1B0-4885-8F6A-7304943778BC}.Debug|Any CPU.Build.0 = Debug|Any CPU
		{87CC2C5E-E1B0-4885-8F6A-7304943778BC}.Debug|x64.ActiveCfg = Debug|Any CPU
		{87CC2C5E-E1B0-4885-8F6A-7304943778BC}.Debug|x64.Build.0 = Debug|Any CPU
		{87CC2C5E-E1B0-4885-8F6A-7304943778BC}.Debug|x86.ActiveCfg = Debug|Any CPU
		{87CC2C5E-E1B0-4885-8F6A-7304943778BC}.Debug|x86.Build.0 = Debug|Any CPU
		{87CC2C5E-E1B0-4885-8F6A-7304943778BC}.Release|Any CPU.ActiveCfg = Release|Any CPU
		{87CC2C5E-E1B0-4885-8F6A-7304943778BC}.Release|Any CPU.Build.0 = Release|Any CPU
		{87CC2C5E-E1B0-4885-8F6A-7304943778BC}.Release|x64.ActiveCfg = Release|Any CPU
		{87CC2C5E-E1B0-4885-8F6A-7304943778BC}.Release|x64.Build.0 = Release|Any CPU
		{87CC2C5E-E1B0-4885-8F6A-7304943778BC}.Release|x86.ActiveCfg = Release|Any CPU
		{87CC2C5E-E1B0-4885-8F6A-7304943778BC}.Release|x86.Build.0 = Release|Any CPU
		{774D990F-F8F3-46C2-8AF1-B6165E1D0AE8}.Debug|Any CPU.ActiveCfg = Debug|Any CPU
		{774D990F-F8F3-46C2-8AF1-B6165E1D0AE8}.Debug|Any CPU.Build.0 = Debug|Any CPU
		{774D990F-F8F3-46C2-8AF1-B6165E1D0AE8}.Debug|x64.ActiveCfg = Debug|Any CPU
		{774D990F-F8F3-46C2-8AF1-B6165E1D0AE8}.Debug|x64.Build.0 = Debug|Any CPU
		{774D990F-F8F3-46C2-8AF1-B6165E1D0AE8}.Debug|x86.ActiveCfg = Debug|Any CPU
		{774D990F-F8F3-46C2-8AF1-B6165E1D0AE8}.Debug|x86.Build.0 = Debug|Any CPU
		{774D990F-F8F3-46C2-8AF1-B6165E1D0AE8}.Release|Any CPU.ActiveCfg = Release|Any CPU
		{774D990F-F8F3-46C2-8AF1-B6165E1D0AE8}.Release|Any CPU.Build.0 = Release|Any CPU
		{774D990F-F8F3-46C2-8AF1-B6165E1D0AE8}.Release|x64.ActiveCfg = Release|Any CPU
		{774D990F-F8F3-46C2-8AF1-B6165E1D0AE8}.Release|x64.Build.0 = Release|Any CPU
		{774D990F-F8F3-46C2-8AF1-B6165E1D0AE8}.Release|x86.ActiveCfg = Release|Any CPU
		{774D990F-F8F3-46C2-8AF1-B6165E1D0AE8}.Release|x86.Build.0 = Release|Any CPU
		{D5C9DE2A-04F0-427A-8B4F-286F2A6801B1}.Debug|Any CPU.ActiveCfg = Debug|Any CPU
		{D5C9DE2A-04F0-427A-8B4F-286F2A6801B1}.Debug|Any CPU.Build.0 = Debug|Any CPU
		{D5C9DE2A-04F0-427A-8B4F-286F2A6801B1}.Debug|x64.ActiveCfg = Debug|Any CPU
		{D5C9DE2A-04F0-427A-8B4F-286F2A6801B1}.Debug|x64.Build.0 = Debug|Any CPU
		{D5C9DE2A-04F0-427A-8B4F-286F2A6801B1}.Debug|x86.ActiveCfg = Debug|Any CPU
		{D5C9DE2A-04F0-427A-8B4F-286F2A6801B1}.Debug|x86.Build.0 = Debug|Any CPU
		{D5C9DE2A-04F0-427A-8B4F-286F2A6801B1}.Release|Any CPU.ActiveCfg = Release|Any CPU
		{D5C9DE2A-04F0-427A-8B4F-286F2A6801B1}.Release|Any CPU.Build.0 = Release|Any CPU
		{D5C9DE2A-04F0-427A-8B4F-286F2A6801B1}.Release|x64.ActiveCfg = Release|Any CPU
		{D5C9DE2A-04F0-427A-8B4F-286F2A6801B1}.Release|x64.Build.0 = Release|Any CPU
		{D5C9DE2A-04F0-427A-8B4F-286F2A6801B1}.Release|x86.ActiveCfg = Release|Any CPU
		{D5C9DE2A-04F0-427A-8B4F-286F2A6801B1}.Release|x86.Build.0 = Release|Any CPU
		{996DA260-A495-4378-A8F4-2D41FB6F7E38}.Debug|Any CPU.ActiveCfg = Debug|Any CPU
		{996DA260-A495-4378-A8F4-2D41FB6F7E38}.Debug|Any CPU.Build.0 = Debug|Any CPU
		{996DA260-A495-4378-A8F4-2D41FB6F7E38}.Debug|x64.ActiveCfg = Debug|Any CPU
		{996DA260-A495-4378-A8F4-2D41FB6F7E38}.Debug|x64.Build.0 = Debug|Any CPU
		{996DA260-A495-4378-A8F4-2D41FB6F7E38}.Debug|x86.ActiveCfg = Debug|Any CPU
		{996DA260-A495-4378-A8F4-2D41FB6F7E38}.Debug|x86.Build.0 = Debug|Any CPU
		{996DA260-A495-4378-A8F4-2D41FB6F7E38}.Release|Any CPU.ActiveCfg = Release|Any CPU
		{996DA260-A495-4378-A8F4-2D41FB6F7E38}.Release|Any CPU.Build.0 = Release|Any CPU
		{996DA260-A495-4378-A8F4-2D41FB6F7E38}.Release|x64.ActiveCfg = Release|Any CPU
		{996DA260-A495-4378-A8F4-2D41FB6F7E38}.Release|x64.Build.0 = Release|Any CPU
		{996DA260-A495-4378-A8F4-2D41FB6F7E38}.Release|x86.ActiveCfg = Release|Any CPU
		{996DA260-A495-4378-A8F4-2D41FB6F7E38}.Release|x86.Build.0 = Release|Any CPU
		{8E2E056C-8BF0-43B2-AF40-F82661E9BF54}.Debug|Any CPU.ActiveCfg = Debug|Any CPU
		{8E2E056C-8BF0-43B2-AF40-F82661E9BF54}.Debug|Any CPU.Build.0 = Debug|Any CPU
		{8E2E056C-8BF0-43B2-AF40-F82661E9BF54}.Debug|x64.ActiveCfg = Debug|Any CPU
		{8E2E056C-8BF0-43B2-AF40-F82661E9BF54}.Debug|x64.Build.0 = Debug|Any CPU
		{8E2E056C-8BF0-43B2-AF40-F82661E9BF54}.Debug|x86.ActiveCfg = Debug|Any CPU
		{8E2E056C-8BF0-43B2-AF40-F82661E9BF54}.Debug|x86.Build.0 = Debug|Any CPU
		{8E2E056C-8BF0-43B2-AF40-F82661E9BF54}.Release|Any CPU.ActiveCfg = Release|Any CPU
		{8E2E056C-8BF0-43B2-AF40-F82661E9BF54}.Release|Any CPU.Build.0 = Release|Any CPU
		{8E2E056C-8BF0-43B2-AF40-F82661E9BF54}.Release|x64.ActiveCfg = Release|Any CPU
		{8E2E056C-8BF0-43B2-AF40-F82661E9BF54}.Release|x64.Build.0 = Release|Any CPU
		{8E2E056C-8BF0-43B2-AF40-F82661E9BF54}.Release|x86.ActiveCfg = Release|Any CPU
		{8E2E056C-8BF0-43B2-AF40-F82661E9BF54}.Release|x86.Build.0 = Release|Any CPU
		{9356FFB9-CA89-4423-9125-0F96EB2770ED}.Debug|Any CPU.ActiveCfg = Debug|Any CPU
		{9356FFB9-CA89-4423-9125-0F96EB2770ED}.Debug|Any CPU.Build.0 = Debug|Any CPU
		{9356FFB9-CA89-4423-9125-0F96EB2770ED}.Debug|x64.ActiveCfg = Debug|Any CPU
		{9356FFB9-CA89-4423-9125-0F96EB2770ED}.Debug|x64.Build.0 = Debug|Any CPU
		{9356FFB9-CA89-4423-9125-0F96EB2770ED}.Debug|x86.ActiveCfg = Debug|Any CPU
		{9356FFB9-CA89-4423-9125-0F96EB2770ED}.Debug|x86.Build.0 = Debug|Any CPU
		{9356FFB9-CA89-4423-9125-0F96EB2770ED}.Release|Any CPU.ActiveCfg = Release|Any CPU
		{9356FFB9-CA89-4423-9125-0F96EB2770ED}.Release|Any CPU.Build.0 = Release|Any CPU
		{9356FFB9-CA89-4423-9125-0F96EB2770ED}.Release|x64.ActiveCfg = Release|Any CPU
		{9356FFB9-CA89-4423-9125-0F96EB2770ED}.Release|x64.Build.0 = Release|Any CPU
		{9356FFB9-CA89-4423-9125-0F96EB2770ED}.Release|x86.ActiveCfg = Release|Any CPU
		{9356FFB9-CA89-4423-9125-0F96EB2770ED}.Release|x86.Build.0 = Release|Any CPU
		{107CDCF3-5609-45D8-9C87-3E0FF1381137}.Debug|Any CPU.ActiveCfg = Debug|Any CPU
		{107CDCF3-5609-45D8-9C87-3E0FF1381137}.Debug|Any CPU.Build.0 = Debug|Any CPU
		{107CDCF3-5609-45D8-9C87-3E0FF1381137}.Debug|x64.ActiveCfg = Debug|Any CPU
		{107CDCF3-5609-45D8-9C87-3E0FF1381137}.Debug|x64.Build.0 = Debug|Any CPU
		{107CDCF3-5609-45D8-9C87-3E0FF1381137}.Debug|x86.ActiveCfg = Debug|Any CPU
		{107CDCF3-5609-45D8-9C87-3E0FF1381137}.Debug|x86.Build.0 = Debug|Any CPU
		{107CDCF3-5609-45D8-9C87-3E0FF1381137}.Release|Any CPU.ActiveCfg = Release|Any CPU
		{107CDCF3-5609-45D8-9C87-3E0FF1381137}.Release|Any CPU.Build.0 = Release|Any CPU
		{107CDCF3-5609-45D8-9C87-3E0FF1381137}.Release|x64.ActiveCfg = Release|Any CPU
		{107CDCF3-5609-45D8-9C87-3E0FF1381137}.Release|x64.Build.0 = Release|Any CPU
		{107CDCF3-5609-45D8-9C87-3E0FF1381137}.Release|x86.ActiveCfg = Release|Any CPU
		{107CDCF3-5609-45D8-9C87-3E0FF1381137}.Release|x86.Build.0 = Release|Any CPU
		{B2D7C29C-DAD1-487D-BEE2-6890F235D584}.Debug|Any CPU.ActiveCfg = Debug|Any CPU
		{B2D7C29C-DAD1-487D-BEE2-6890F235D584}.Debug|Any CPU.Build.0 = Debug|Any CPU
		{B2D7C29C-DAD1-487D-BEE2-6890F235D584}.Debug|x64.ActiveCfg = Debug|Any CPU
		{B2D7C29C-DAD1-487D-BEE2-6890F235D584}.Debug|x64.Build.0 = Debug|Any CPU
		{B2D7C29C-DAD1-487D-BEE2-6890F235D584}.Debug|x86.ActiveCfg = Debug|Any CPU
		{B2D7C29C-DAD1-487D-BEE2-6890F235D584}.Debug|x86.Build.0 = Debug|Any CPU
		{B2D7C29C-DAD1-487D-BEE2-6890F235D584}.Release|Any CPU.ActiveCfg = Release|Any CPU
		{B2D7C29C-DAD1-487D-BEE2-6890F235D584}.Release|Any CPU.Build.0 = Release|Any CPU
		{B2D7C29C-DAD1-487D-BEE2-6890F235D584}.Release|x64.ActiveCfg = Release|Any CPU
		{B2D7C29C-DAD1-487D-BEE2-6890F235D584}.Release|x64.Build.0 = Release|Any CPU
		{B2D7C29C-DAD1-487D-BEE2-6890F235D584}.Release|x86.ActiveCfg = Release|Any CPU
		{B2D7C29C-DAD1-487D-BEE2-6890F235D584}.Release|x86.Build.0 = Release|Any CPU
		{A3200A9D-358C-4B7B-AA48-FFE8B982B6CD}.Debug|Any CPU.ActiveCfg = Debug|Any CPU
		{A3200A9D-358C-4B7B-AA48-FFE8B982B6CD}.Debug|Any CPU.Build.0 = Debug|Any CPU
		{A3200A9D-358C-4B7B-AA48-FFE8B982B6CD}.Debug|x64.ActiveCfg = Debug|Any CPU
		{A3200A9D-358C-4B7B-AA48-FFE8B982B6CD}.Debug|x64.Build.0 = Debug|Any CPU
		{A3200A9D-358C-4B7B-AA48-FFE8B982B6CD}.Debug|x86.ActiveCfg = Debug|Any CPU
		{A3200A9D-358C-4B7B-AA48-FFE8B982B6CD}.Debug|x86.Build.0 = Debug|Any CPU
		{A3200A9D-358C-4B7B-AA48-FFE8B982B6CD}.Release|Any CPU.ActiveCfg = Release|Any CPU
		{A3200A9D-358C-4B7B-AA48-FFE8B982B6CD}.Release|Any CPU.Build.0 = Release|Any CPU
		{A3200A9D-358C-4B7B-AA48-FFE8B982B6CD}.Release|x64.ActiveCfg = Release|Any CPU
		{A3200A9D-358C-4B7B-AA48-FFE8B982B6CD}.Release|x64.Build.0 = Release|Any CPU
		{A3200A9D-358C-4B7B-AA48-FFE8B982B6CD}.Release|x86.ActiveCfg = Release|Any CPU
		{A3200A9D-358C-4B7B-AA48-FFE8B982B6CD}.Release|x86.Build.0 = Release|Any CPU
		{C79E271B-2327-4639-8063-E1706265197B}.Debug|Any CPU.ActiveCfg = Debug|Any CPU
		{C79E271B-2327-4639-8063-E1706265197B}.Debug|Any CPU.Build.0 = Debug|Any CPU
		{C79E271B-2327-4639-8063-E1706265197B}.Debug|x64.ActiveCfg = Debug|Any CPU
		{C79E271B-2327-4639-8063-E1706265197B}.Debug|x64.Build.0 = Debug|Any CPU
		{C79E271B-2327-4639-8063-E1706265197B}.Debug|x86.ActiveCfg = Debug|Any CPU
		{C79E271B-2327-4639-8063-E1706265197B}.Debug|x86.Build.0 = Debug|Any CPU
		{C79E271B-2327-4639-8063-E1706265197B}.Release|Any CPU.ActiveCfg = Release|Any CPU
		{C79E271B-2327-4639-8063-E1706265197B}.Release|Any CPU.Build.0 = Release|Any CPU
		{C79E271B-2327-4639-8063-E1706265197B}.Release|x64.ActiveCfg = Release|Any CPU
		{C79E271B-2327-4639-8063-E1706265197B}.Release|x64.Build.0 = Release|Any CPU
		{C79E271B-2327-4639-8063-E1706265197B}.Release|x86.ActiveCfg = Release|Any CPU
		{C79E271B-2327-4639-8063-E1706265197B}.Release|x86.Build.0 = Release|Any CPU
	EndGlobalSection
	GlobalSection(SolutionProperties) = preSolution
		HideSolutionNode = FALSE
	EndGlobalSection
	GlobalSection(NestedProjects) = preSolution
		{26A88FF1-E814-4AEB-A21B-DBBC6AA83952} = {A35E3B56-A1CD-466A-9274-36901C003B96}
		{8E0828DE-E05E-48C1-B85A-DECA59219304} = {26A88FF1-E814-4AEB-A21B-DBBC6AA83952}
	EndGlobalSection
	GlobalSection(ExtensibilityGlobals) = postSolution
		SolutionGuid = {AE7BB26A-830D-4676-ACCB-6F524522BDFD}
	EndGlobalSection
EndGlobal
