Microsoft Visual Studio Solution File, Format Version 12.00
# Visual Studio Version 17
VisualStudioVersion = 17.0.31903.59
MinimumVisualStudioVersion = 10.0.40219.1
Project("{2150E333-8FDC-42A3-9474-1A3956D46DE8}") = "Solution Items", "Solution Items", "{A35E3B56-A1CD-466A-9274-36901C003B96}"
	ProjectSection(SolutionItems) = preProject
		Directory.Build.props = Directory.Build.props
	EndProjectSection
EndProject
Project("{9A19103F-16F7-4668-BE54-9A1E7A4F7556}") = "Flyingdarts.Shared", "Flyingdarts.Shared\Flyingdarts.Shared.csproj", "{3875DCD0-29B6-470B-9710-171B956942AB}"
EndProject
Project("{9A19103F-16F7-4668-BE54-9A1E7A4F7556}") = "Flyingdarts.Requests", "Flyingdarts.Requests\Flyingdarts.Requests.csproj", "{9356FFB9-CA89-4423-9125-0F96EB2770ED}"
EndProject
Project("{2150E333-8FDC-42A3-9474-1A3956D46DE8}") = ".github", ".github", "{26A88FF1-E814-4AEB-A21B-DBBC6AA83952}"
EndProject
Project("{2150E333-8FDC-42A3-9474-1A3956D46DE8}") = ".workflows", ".workflows", "{8E0828DE-E05E-48C1-B85A-DECA59219304}"
	ProjectSection(SolutionItems) = preProject
		.github\workflows\codeql.yml = .github\workflows\codeql.yml
		Directory.Build.props = Directory.Build.props
		.github\workflows\games-x01-onQueue.yml = .github\workflows\games-x01-onQueue.yml
		.github\workflows\games-x01-onScore.yml = .github\workflows\games-x01-onScore.yml
		.github\workflows\on-connect.yml = .github\workflows\on-connect.yml
		.github\workflows\on-default.yml = .github\workflows\on-default.yml
		.github\workflows\on-disconnect.yml = .github\workflows\on-disconnect.yml
		.github\workflows\rooms-on-create.yml = .github\workflows\rooms-on-create.yml
		.github\workflows\rooms-on-join.yml = .github\workflows\rooms-on-join.yml
		.github\workflows\rooms-on-leave.yml = .github\workflows\rooms-on-leave.yml
	EndProjectSection
EndProject
Project("{9A19103F-16F7-4668-BE54-9A1E7A4F7556}") = "Flyingdarts.Persistance", "Flyingdarts.Persistance\Flyingdarts.Persistance.csproj", "{B2D7C29C-DAD1-487D-BEE2-6890F235D584}"
EndProject
Project("{9A19103F-16F7-4668-BE54-9A1E7A4F7556}") = "Flyingdarts.Business", "Flyingdarts.Business\Flyingdarts.Business.csproj", "{A3200A9D-358C-4B7B-AA48-FFE8B982B6CD}"
EndProject
Project("{9A19103F-16F7-4668-BE54-9A1E7A4F7556}") = "Flyingdarts.Services", "Flyingdarts.Services\Flyingdarts.Services.csproj", "{C79E271B-2327-4639-8063-E1706265197B}"
EndProject
Project("{2150E333-8FDC-42A3-9474-1A3956D46DE8}") = "Lambdas", "Lambdas", "{A0A98CD2-1F52-4658-ACAA-981F809BBBD9}"
	ProjectSection(SolutionItems) = preProject
		Lambdas\Directory.Build.props = Lambdas\Directory.Build.props
	EndProjectSection
EndProject
Project("{9A19103F-16F7-4668-BE54-9A1E7A4F7556}") = "Flyingdarts-Signalling-OnDisconnect", "Lambdas\Flyingdarts-Signalling-OnDisconnect\Flyingdarts-Signalling-OnDisconnect.csproj", "{8C5260BD-1E9D-465E-843A-FBA0C375E6E5}"
EndProject
Project("{9A19103F-16F7-4668-BE54-9A1E7A4F7556}") = "Flyingdarts-Signalling-OnDefault", "Lambdas\Flyingdarts-Signalling-OnDefault\Flyingdarts-Signalling-OnDefault.csproj", "{0DB9261C-ADFD-4FE6-B38F-878C7AE81D05}"
EndProject
Project("{9A19103F-16F7-4668-BE54-9A1E7A4F7556}") = "Flyingdarts-Signalling-OnConnect", "Lambdas\Flyingdarts-Signalling-OnConnect\Flyingdarts-Signalling-OnConnect.csproj", "{D1C907F2-A491-4F64-8966-981BBC21F046}"
EndProject
Project("{9A19103F-16F7-4668-BE54-9A1E7A4F7556}") = "Flyingdarts-Rooms-OnLeave", "Lambdas\Flyingdarts-Rooms-OnLeave\Flyingdarts-Rooms-OnLeave.csproj", "{69623D6D-C79A-4267-BBA2-66386E1FA84D}"
EndProject
Project("{9A19103F-16F7-4668-BE54-9A1E7A4F7556}") = "Flyingdarts-Rooms-OnJoin", "Lambdas\Flyingdarts-Rooms-OnJoin\Flyingdarts-Rooms-OnJoin.csproj", "{F1A814C8-8C17-469C-BFC8-7C2829CC5B01}"
EndProject
Project("{9A19103F-16F7-4668-BE54-9A1E7A4F7556}") = "Flyingdarts-Rooms-OnCreate", "Lambdas\Flyingdarts-Rooms-OnCreate\Flyingdarts-Rooms-OnCreate.csproj", "{AE88B011-6393-461A-A57E-A7DB97B38B83}"
EndProject
Project("{9A19103F-16F7-4668-BE54-9A1E7A4F7556}") = "Flyingdarts-Games-X01-OnScore", "Lambdas\Flyingdarts-Games-X01-OnScore\Flyingdarts-Games-X01-OnScore.csproj", "{ED82D805-E651-4B0F-981B-1E838C48CE5F}"
EndProject
Project("{9A19103F-16F7-4668-BE54-9A1E7A4F7556}") = "Flyingdarts-Games-X01-OnQueue", "Lambdas\Flyingdarts-Games-X01-OnQueue\Flyingdarts-Games-X01-OnQueue.csproj", "{B50333FD-0A32-4EC0-A34E-B0929237AFD7}"
EndProject
Global
	GlobalSection(SolutionConfigurationPlatforms) = preSolution
		Debug|Any CPU = Debug|Any CPU
		Debug|x64 = Debug|x64
		Debug|x86 = Debug|x86
		Release|Any CPU = Release|Any CPU
		Release|x64 = Release|x64
		Release|x86 = Release|x86
	EndGlobalSection
	GlobalSection(ProjectConfigurationPlatforms) = postSolution
		{3875DCD0-29B6-470B-9710-171B956942AB}.Debug|Any CPU.ActiveCfg = Debug|Any CPU
		{3875DCD0-29B6-470B-9710-171B956942AB}.Debug|Any CPU.Build.0 = Debug|Any CPU
		{3875DCD0-29B6-470B-9710-171B956942AB}.Debug|x64.ActiveCfg = Debug|Any CPU
		{3875DCD0-29B6-470B-9710-171B956942AB}.Debug|x64.Build.0 = Debug|Any CPU
		{3875DCD0-29B6-470B-9710-171B956942AB}.Debug|x86.ActiveCfg = Debug|Any CPU
		{3875DCD0-29B6-470B-9710-171B956942AB}.Debug|x86.Build.0 = Debug|Any CPU
		{3875DCD0-29B6-470B-9710-171B956942AB}.Release|Any CPU.ActiveCfg = Release|Any CPU
		{3875DCD0-29B6-470B-9710-171B956942AB}.Release|Any CPU.Build.0 = Release|Any CPU
		{3875DCD0-29B6-470B-9710-171B956942AB}.Release|x64.ActiveCfg = Release|Any CPU
		{3875DCD0-29B6-470B-9710-171B956942AB}.Release|x64.Build.0 = Release|Any CPU
		{3875DCD0-29B6-470B-9710-171B956942AB}.Release|x86.ActiveCfg = Release|Any CPU
		{3875DCD0-29B6-470B-9710-171B956942AB}.Release|x86.Build.0 = Release|Any CPU
		{9356FFB9-CA89-4423-9125-0F96EB2770ED}.Debug|Any CPU.ActiveCfg = Debug|Any CPU
		{9356FFB9-CA89-4423-9125-0F96EB2770ED}.Debug|Any CPU.Build.0 = Debug|Any CPU
		{9356FFB9-CA89-4423-9125-0F96EB2770ED}.Debug|x64.ActiveCfg = Debug|Any CPU
		{9356FFB9-CA89-4423-9125-0F96EB2770ED}.Debug|x64.Build.0 = Debug|Any CPU
		{9356FFB9-CA89-4423-9125-0F96EB2770ED}.Debug|x86.ActiveCfg = Debug|Any CPU
		{9356FFB9-CA89-4423-9125-0F96EB2770ED}.Debug|x86.Build.0 = Debug|Any CPU
		{9356FFB9-CA89-4423-9125-0F96EB2770ED}.Release|Any CPU.ActiveCfg = Release|Any CPU
		{9356FFB9-CA89-4423-9125-0F96EB2770ED}.Release|Any CPU.Build.0 = Release|Any CPU
		{9356FFB9-CA89-4423-9125-0F96EB2770ED}.Release|x64.ActiveCfg = Release|Any CPU
		{9356FFB9-CA89-4423-9125-0F96EB2770ED}.Release|x64.Build.0 = Release|Any CPU
		{9356FFB9-CA89-4423-9125-0F96EB2770ED}.Release|x86.ActiveCfg = Release|Any CPU
		{9356FFB9-CA89-4423-9125-0F96EB2770ED}.Release|x86.Build.0 = Release|Any CPU
		{B2D7C29C-DAD1-487D-BEE2-6890F235D584}.Debug|Any CPU.ActiveCfg = Debug|Any CPU
		{B2D7C29C-DAD1-487D-BEE2-6890F235D584}.Debug|Any CPU.Build.0 = Debug|Any CPU
		{B2D7C29C-DAD1-487D-BEE2-6890F235D584}.Debug|x64.ActiveCfg = Debug|Any CPU
		{B2D7C29C-DAD1-487D-BEE2-6890F235D584}.Debug|x64.Build.0 = Debug|Any CPU
		{B2D7C29C-DAD1-487D-BEE2-6890F235D584}.Debug|x86.ActiveCfg = Debug|Any CPU
		{B2D7C29C-DAD1-487D-BEE2-6890F235D584}.Debug|x86.Build.0 = Debug|Any CPU
		{B2D7C29C-DAD1-487D-BEE2-6890F235D584}.Release|Any CPU.ActiveCfg = Release|Any CPU
		{B2D7C29C-DAD1-487D-BEE2-6890F235D584}.Release|Any CPU.Build.0 = Release|Any CPU
		{B2D7C29C-DAD1-487D-BEE2-6890F235D584}.Release|x64.ActiveCfg = Release|Any CPU
		{B2D7C29C-DAD1-487D-BEE2-6890F235D584}.Release|x64.Build.0 = Release|Any CPU
		{B2D7C29C-DAD1-487D-BEE2-6890F235D584}.Release|x86.ActiveCfg = Release|Any CPU
		{B2D7C29C-DAD1-487D-BEE2-6890F235D584}.Release|x86.Build.0 = Release|Any CPU
		{A3200A9D-358C-4B7B-AA48-FFE8B982B6CD}.Debug|Any CPU.ActiveCfg = Debug|Any CPU
		{A3200A9D-358C-4B7B-AA48-FFE8B982B6CD}.Debug|Any CPU.Build.0 = Debug|Any CPU
		{A3200A9D-358C-4B7B-AA48-FFE8B982B6CD}.Debug|x64.ActiveCfg = Debug|Any CPU
		{A3200A9D-358C-4B7B-AA48-FFE8B982B6CD}.Debug|x64.Build.0 = Debug|Any CPU
		{A3200A9D-358C-4B7B-AA48-FFE8B982B6CD}.Debug|x86.ActiveCfg = Debug|Any CPU
		{A3200A9D-358C-4B7B-AA48-FFE8B982B6CD}.Debug|x86.Build.0 = Debug|Any CPU
		{A3200A9D-358C-4B7B-AA48-FFE8B982B6CD}.Release|Any CPU.ActiveCfg = Release|Any CPU
		{A3200A9D-358C-4B7B-AA48-FFE8B982B6CD}.Release|Any CPU.Build.0 = Release|Any CPU
		{A3200A9D-358C-4B7B-AA48-FFE8B982B6CD}.Release|x64.ActiveCfg = Release|Any CPU
		{A3200A9D-358C-4B7B-AA48-FFE8B982B6CD}.Release|x64.Build.0 = Release|Any CPU
		{A3200A9D-358C-4B7B-AA48-FFE8B982B6CD}.Release|x86.ActiveCfg = Release|Any CPU
		{A3200A9D-358C-4B7B-AA48-FFE8B982B6CD}.Release|x86.Build.0 = Release|Any CPU
		{C79E271B-2327-4639-8063-E1706265197B}.Debug|Any CPU.ActiveCfg = Debug|Any CPU
		{C79E271B-2327-4639-8063-E1706265197B}.Debug|Any CPU.Build.0 = Debug|Any CPU
		{C79E271B-2327-4639-8063-E1706265197B}.Debug|x64.ActiveCfg = Debug|Any CPU
		{C79E271B-2327-4639-8063-E1706265197B}.Debug|x64.Build.0 = Debug|Any CPU
		{C79E271B-2327-4639-8063-E1706265197B}.Debug|x86.ActiveCfg = Debug|Any CPU
		{C79E271B-2327-4639-8063-E1706265197B}.Debug|x86.Build.0 = Debug|Any CPU
		{C79E271B-2327-4639-8063-E1706265197B}.Release|Any CPU.ActiveCfg = Release|Any CPU
		{C79E271B-2327-4639-8063-E1706265197B}.Release|Any CPU.Build.0 = Release|Any CPU
		{C79E271B-2327-4639-8063-E1706265197B}.Release|x64.ActiveCfg = Release|Any CPU
		{C79E271B-2327-4639-8063-E1706265197B}.Release|x64.Build.0 = Release|Any CPU
		{C79E271B-2327-4639-8063-E1706265197B}.Release|x86.ActiveCfg = Release|Any CPU
		{C79E271B-2327-4639-8063-E1706265197B}.Release|x86.Build.0 = Release|Any CPU
		{8C5260BD-1E9D-465E-843A-FBA0C375E6E5}.Debug|Any CPU.ActiveCfg = Debug|Any CPU
		{8C5260BD-1E9D-465E-843A-FBA0C375E6E5}.Debug|Any CPU.Build.0 = Debug|Any CPU
		{8C5260BD-1E9D-465E-843A-FBA0C375E6E5}.Debug|x64.ActiveCfg = Debug|Any CPU
		{8C5260BD-1E9D-465E-843A-FBA0C375E6E5}.Debug|x64.Build.0 = Debug|Any CPU
		{8C5260BD-1E9D-465E-843A-FBA0C375E6E5}.Debug|x86.ActiveCfg = Debug|Any CPU
		{8C5260BD-1E9D-465E-843A-FBA0C375E6E5}.Debug|x86.Build.0 = Debug|Any CPU
		{8C5260BD-1E9D-465E-843A-FBA0C375E6E5}.Release|Any CPU.ActiveCfg = Release|Any CPU
		{8C5260BD-1E9D-465E-843A-FBA0C375E6E5}.Release|Any CPU.Build.0 = Release|Any CPU
		{8C5260BD-1E9D-465E-843A-FBA0C375E6E5}.Release|x64.ActiveCfg = Release|Any CPU
		{8C5260BD-1E9D-465E-843A-FBA0C375E6E5}.Release|x64.Build.0 = Release|Any CPU
		{8C5260BD-1E9D-465E-843A-FBA0C375E6E5}.Release|x86.ActiveCfg = Release|Any CPU
		{8C5260BD-1E9D-465E-843A-FBA0C375E6E5}.Release|x86.Build.0 = Release|Any CPU
		{0DB9261C-ADFD-4FE6-B38F-878C7AE81D05}.Debug|Any CPU.ActiveCfg = Debug|Any CPU
		{0DB9261C-ADFD-4FE6-B38F-878C7AE81D05}.Debug|Any CPU.Build.0 = Debug|Any CPU
		{0DB9261C-ADFD-4FE6-B38F-878C7AE81D05}.Debug|x64.ActiveCfg = Debug|Any CPU
		{0DB9261C-ADFD-4FE6-B38F-878C7AE81D05}.Debug|x64.Build.0 = Debug|Any CPU
		{0DB9261C-ADFD-4FE6-B38F-878C7AE81D05}.Debug|x86.ActiveCfg = Debug|Any CPU
		{0DB9261C-ADFD-4FE6-B38F-878C7AE81D05}.Debug|x86.Build.0 = Debug|Any CPU
		{0DB9261C-ADFD-4FE6-B38F-878C7AE81D05}.Release|Any CPU.ActiveCfg = Release|Any CPU
		{0DB9261C-ADFD-4FE6-B38F-878C7AE81D05}.Release|Any CPU.Build.0 = Release|Any CPU
		{0DB9261C-ADFD-4FE6-B38F-878C7AE81D05}.Release|x64.ActiveCfg = Release|Any CPU
		{0DB9261C-ADFD-4FE6-B38F-878C7AE81D05}.Release|x64.Build.0 = Release|Any CPU
		{0DB9261C-ADFD-4FE6-B38F-878C7AE81D05}.Release|x86.ActiveCfg = Release|Any CPU
		{0DB9261C-ADFD-4FE6-B38F-878C7AE81D05}.Release|x86.Build.0 = Release|Any CPU
		{D1C907F2-A491-4F64-8966-981BBC21F046}.Debug|Any CPU.ActiveCfg = Debug|Any CPU
		{D1C907F2-A491-4F64-8966-981BBC21F046}.Debug|Any CPU.Build.0 = Debug|Any CPU
		{D1C907F2-A491-4F64-8966-981BBC21F046}.Debug|x64.ActiveCfg = Debug|Any CPU
		{D1C907F2-A491-4F64-8966-981BBC21F046}.Debug|x64.Build.0 = Debug|Any CPU
		{D1C907F2-A491-4F64-8966-981BBC21F046}.Debug|x86.ActiveCfg = Debug|Any CPU
		{D1C907F2-A491-4F64-8966-981BBC21F046}.Debug|x86.Build.0 = Debug|Any CPU
		{D1C907F2-A491-4F64-8966-981BBC21F046}.Release|Any CPU.ActiveCfg = Release|Any CPU
		{D1C907F2-A491-4F64-8966-981BBC21F046}.Release|Any CPU.Build.0 = Release|Any CPU
		{D1C907F2-A491-4F64-8966-981BBC21F046}.Release|x64.ActiveCfg = Release|Any CPU
		{D1C907F2-A491-4F64-8966-981BBC21F046}.Release|x64.Build.0 = Release|Any CPU
		{D1C907F2-A491-4F64-8966-981BBC21F046}.Release|x86.ActiveCfg = Release|Any CPU
		{D1C907F2-A491-4F64-8966-981BBC21F046}.Release|x86.Build.0 = Release|Any CPU
		{69623D6D-C79A-4267-BBA2-66386E1FA84D}.Debug|Any CPU.ActiveCfg = Debug|Any CPU
		{69623D6D-C79A-4267-BBA2-66386E1FA84D}.Debug|Any CPU.Build.0 = Debug|Any CPU
		{69623D6D-C79A-4267-BBA2-66386E1FA84D}.Debug|x64.ActiveCfg = Debug|Any CPU
		{69623D6D-C79A-4267-BBA2-66386E1FA84D}.Debug|x64.Build.0 = Debug|Any CPU
		{69623D6D-C79A-4267-BBA2-66386E1FA84D}.Debug|x86.ActiveCfg = Debug|Any CPU
		{69623D6D-C79A-4267-BBA2-66386E1FA84D}.Debug|x86.Build.0 = Debug|Any CPU
		{69623D6D-C79A-4267-BBA2-66386E1FA84D}.Release|Any CPU.ActiveCfg = Release|Any CPU
		{69623D6D-C79A-4267-BBA2-66386E1FA84D}.Release|Any CPU.Build.0 = Release|Any CPU
		{69623D6D-C79A-4267-BBA2-66386E1FA84D}.Release|x64.ActiveCfg = Release|Any CPU
		{69623D6D-C79A-4267-BBA2-66386E1FA84D}.Release|x64.Build.0 = Release|Any CPU
		{69623D6D-C79A-4267-BBA2-66386E1FA84D}.Release|x86.ActiveCfg = Release|Any CPU
		{69623D6D-C79A-4267-BBA2-66386E1FA84D}.Release|x86.Build.0 = Release|Any CPU
		{F1A814C8-8C17-469C-BFC8-7C2829CC5B01}.Debug|Any CPU.ActiveCfg = Debug|Any CPU
		{F1A814C8-8C17-469C-BFC8-7C2829CC5B01}.Debug|Any CPU.Build.0 = Debug|Any CPU
		{F1A814C8-8C17-469C-BFC8-7C2829CC5B01}.Debug|x64.ActiveCfg = Debug|Any CPU
		{F1A814C8-8C17-469C-BFC8-7C2829CC5B01}.Debug|x64.Build.0 = Debug|Any CPU
		{F1A814C8-8C17-469C-BFC8-7C2829CC5B01}.Debug|x86.ActiveCfg = Debug|Any CPU
		{F1A814C8-8C17-469C-BFC8-7C2829CC5B01}.Debug|x86.Build.0 = Debug|Any CPU
		{F1A814C8-8C17-469C-BFC8-7C2829CC5B01}.Release|Any CPU.ActiveCfg = Release|Any CPU
		{F1A814C8-8C17-469C-BFC8-7C2829CC5B01}.Release|Any CPU.Build.0 = Release|Any CPU
		{F1A814C8-8C17-469C-BFC8-7C2829CC5B01}.Release|x64.ActiveCfg = Release|Any CPU
		{F1A814C8-8C17-469C-BFC8-7C2829CC5B01}.Release|x64.Build.0 = Release|Any CPU
		{F1A814C8-8C17-469C-BFC8-7C2829CC5B01}.Release|x86.ActiveCfg = Release|Any CPU
		{F1A814C8-8C17-469C-BFC8-7C2829CC5B01}.Release|x86.Build.0 = Release|Any CPU
		{AE88B011-6393-461A-A57E-A7DB97B38B83}.Debug|Any CPU.ActiveCfg = Debug|Any CPU
		{AE88B011-6393-461A-A57E-A7DB97B38B83}.Debug|Any CPU.Build.0 = Debug|Any CPU
		{AE88B011-6393-461A-A57E-A7DB97B38B83}.Debug|x64.ActiveCfg = Debug|Any CPU
		{AE88B011-6393-461A-A57E-A7DB97B38B83}.Debug|x64.Build.0 = Debug|Any CPU
		{AE88B011-6393-461A-A57E-A7DB97B38B83}.Debug|x86.ActiveCfg = Debug|Any CPU
		{AE88B011-6393-461A-A57E-A7DB97B38B83}.Debug|x86.Build.0 = Debug|Any CPU
		{AE88B011-6393-461A-A57E-A7DB97B38B83}.Release|Any CPU.ActiveCfg = Release|Any CPU
		{AE88B011-6393-461A-A57E-A7DB97B38B83}.Release|Any CPU.Build.0 = Release|Any CPU
		{AE88B011-6393-461A-A57E-A7DB97B38B83}.Release|x64.ActiveCfg = Release|Any CPU
		{AE88B011-6393-461A-A57E-A7DB97B38B83}.Release|x64.Build.0 = Release|Any CPU
		{AE88B011-6393-461A-A57E-A7DB97B38B83}.Release|x86.ActiveCfg = Release|Any CPU
		{AE88B011-6393-461A-A57E-A7DB97B38B83}.Release|x86.Build.0 = Release|Any CPU
		{ED82D805-E651-4B0F-981B-1E838C48CE5F}.Debug|Any CPU.ActiveCfg = Debug|Any CPU
		{ED82D805-E651-4B0F-981B-1E838C48CE5F}.Debug|Any CPU.Build.0 = Debug|Any CPU
		{ED82D805-E651-4B0F-981B-1E838C48CE5F}.Debug|x64.ActiveCfg = Debug|Any CPU
		{ED82D805-E651-4B0F-981B-1E838C48CE5F}.Debug|x64.Build.0 = Debug|Any CPU
		{ED82D805-E651-4B0F-981B-1E838C48CE5F}.Debug|x86.ActiveCfg = Debug|Any CPU
		{ED82D805-E651-4B0F-981B-1E838C48CE5F}.Debug|x86.Build.0 = Debug|Any CPU
		{ED82D805-E651-4B0F-981B-1E838C48CE5F}.Release|Any CPU.ActiveCfg = Release|Any CPU
		{ED82D805-E651-4B0F-981B-1E838C48CE5F}.Release|Any CPU.Build.0 = Release|Any CPU
		{ED82D805-E651-4B0F-981B-1E838C48CE5F}.Release|x64.ActiveCfg = Release|Any CPU
		{ED82D805-E651-4B0F-981B-1E838C48CE5F}.Release|x64.Build.0 = Release|Any CPU
		{ED82D805-E651-4B0F-981B-1E838C48CE5F}.Release|x86.ActiveCfg = Release|Any CPU
		{ED82D805-E651-4B0F-981B-1E838C48CE5F}.Release|x86.Build.0 = Release|Any CPU
		{B50333FD-0A32-4EC0-A34E-B0929237AFD7}.Debug|Any CPU.ActiveCfg = Debug|Any CPU
		{B50333FD-0A32-4EC0-A34E-B0929237AFD7}.Debug|Any CPU.Build.0 = Debug|Any CPU
		{B50333FD-0A32-4EC0-A34E-B0929237AFD7}.Debug|x64.ActiveCfg = Debug|Any CPU
		{B50333FD-0A32-4EC0-A34E-B0929237AFD7}.Debug|x64.Build.0 = Debug|Any CPU
		{B50333FD-0A32-4EC0-A34E-B0929237AFD7}.Debug|x86.ActiveCfg = Debug|Any CPU
		{B50333FD-0A32-4EC0-A34E-B0929237AFD7}.Debug|x86.Build.0 = Debug|Any CPU
		{B50333FD-0A32-4EC0-A34E-B0929237AFD7}.Release|Any CPU.ActiveCfg = Release|Any CPU
		{B50333FD-0A32-4EC0-A34E-B0929237AFD7}.Release|Any CPU.Build.0 = Release|Any CPU
		{B50333FD-0A32-4EC0-A34E-B0929237AFD7}.Release|x64.ActiveCfg = Release|Any CPU
		{B50333FD-0A32-4EC0-A34E-B0929237AFD7}.Release|x64.Build.0 = Release|Any CPU
		{B50333FD-0A32-4EC0-A34E-B0929237AFD7}.Release|x86.ActiveCfg = Release|Any CPU
		{B50333FD-0A32-4EC0-A34E-B0929237AFD7}.Release|x86.Build.0 = Release|Any CPU
	EndGlobalSection
	GlobalSection(SolutionProperties) = preSolution
		HideSolutionNode = FALSE
	EndGlobalSection
	GlobalSection(NestedProjects) = preSolution
		{26A88FF1-E814-4AEB-A21B-DBBC6AA83952} = {A35E3B56-A1CD-466A-9274-36901C003B96}
		{8E0828DE-E05E-48C1-B85A-DECA59219304} = {26A88FF1-E814-4AEB-A21B-DBBC6AA83952}
		{8C5260BD-1E9D-465E-843A-FBA0C375E6E5} = {A0A98CD2-1F52-4658-ACAA-981F809BBBD9}
		{0DB9261C-ADFD-4FE6-B38F-878C7AE81D05} = {A0A98CD2-1F52-4658-ACAA-981F809BBBD9}
		{D1C907F2-A491-4F64-8966-981BBC21F046} = {A0A98CD2-1F52-4658-ACAA-981F809BBBD9}
		{69623D6D-C79A-4267-BBA2-66386E1FA84D} = {A0A98CD2-1F52-4658-ACAA-981F809BBBD9}
		{F1A814C8-8C17-469C-BFC8-7C2829CC5B01} = {A0A98CD2-1F52-4658-ACAA-981F809BBBD9}
		{AE88B011-6393-461A-A57E-A7DB97B38B83} = {A0A98CD2-1F52-4658-ACAA-981F809BBBD9}
		{ED82D805-E651-4B0F-981B-1E838C48CE5F} = {A0A98CD2-1F52-4658-ACAA-981F809BBBD9}
		{B50333FD-0A32-4EC0-A34E-B0929237AFD7} = {A0A98CD2-1F52-4658-ACAA-981F809BBBD9}
	EndGlobalSection
	GlobalSection(ExtensibilityGlobals) = postSolution
		SolutionGuid = {AE7BB26A-830D-4676-ACCB-6F524522BDFD}
	EndGlobalSection
EndGlobal
